{
    "name": "nibs",
    "version": "2.0.4",
    "lockfileVersion": 3,
    "requires": true,
    "packages": {
        "": {
            "name": "nibs",
            "version": "2.0.4",
            "dependencies": {
                "xxhash": "^0.3.0"
            }
        },
        "node_modules/nan": {
            "version": "2.17.0",
            "resolved": "https://registry.npmjs.org/nan/-/nan-2.17.0.tgz",
            "integrity": "sha512-2ZTgtl0nJsO0KQCjEpxcIr5D+Yv90plTitZt9JBfQvVJDS5seMl3FOvsh3+9CoYWXf/1l5OaZzzF6nDm4cagaQ=="
        },
        "node_modules/xxhash": {
            "version": "0.3.0",
            "resolved": "https://registry.npmjs.org/xxhash/-/xxhash-0.3.0.tgz",
            "integrity": "sha512-1ud2yyPiR1DJhgyF1ZVMt+Ijrn0VNS/wzej1Z8eSFfkNfRPp8abVZNV2u9tYy9574II0ZayZYZgJm8KJoyGLCw==",
            "hasInstallScript": true,
            "dependencies": {
                "nan": "^2.13.2"
            },
            "engines": {
                "node": ">=4.0.0"
            }
        }
    }
}
